github.com/AnatoleLucet/go-opentui v0.0.0-20260303123412-5ad44e1e9b77 h1:h2QzNXhLENLVvxYPZqmsFeu9jBbGd9e+bjz6ie5a2uk=
github.com/AnatoleLucet/go-opentui v0.0.0-20260303123412-5ad44e1e9b77/go.mod h1:JxO6qbrbNsTT3nPTPrnhhQEA1fKnEA8tNCaujsoHyPI=
github.com/AnatoleLucet/go-opentui v0.0.0-20260310112852-eaf8093f47d5 h1:Kg04H5Tl4rmcqkciMy0+cCv43426R9xdjXSRwJao/zM=
github.com/AnatoleLucet/go-opentui v0.0.0-20260310112852-eaf8093f47d5/go.mod h1:JxO6qbrbNsTT3nPTPrnhhQEA1fKnEA8tNCaujsoHyPI=
github.com/AnatoleLucet/sig v0.0.0-20260308162001-17251018b48a h1:B/YZ1KcFTI7Z6t36euajviYqJSinUydX/qwgGBmoEyk=
github.com/AnatoleLucet/sig v0.0.0-20260308162001-17251018b48a/go.mod h1:R9eHfMPg6gNCgM185K2uPYM8xxQZE4HZq+jw3DoeHQU=
github.com/AnatoleLucet/tess v0.0.0-20260203151116-72dc74b8dcb6 h1:+en+1JvoOcZUnIlSr+7RQ6a8uodl2v8FBGhBXMiPXUg=
github.com/AnatoleLucet/tess v0.0.0-20260203151116-72dc74b8dcb6/go.mod h1:HqZNGWSj4mPsukwZHs8RMyC2wpgOQ+ZAtr1B8IYxwUg=
github.com/AnatoleLucet/tess v0.0.0-20260310111309-c8343f5a151d h1:thS9H0S7/Uo8dOOS/Cp4vdpciAaAJBWlmWnufbYgpeU=
github.com/AnatoleLucet/tess v0.0.0-20260310111309-c8343f5a151d/go.mod h1:HqZNGWSj4mPsukwZHs8RMyC2wpgOQ+ZAtr1B8IYxwUg=
github.com/imfing/hextra v0.12.1 h1:3t1n0bmJbDzSTVfht93UDcfF1BXMRjeFojA071ri2l8=
github.com/imfing/hextra v0.12.1/go.mod h1:vi+yhpq8YPp/aghvJlNKVnJKcPJ/VyAEcfC1BSV9ARo=
github.com/loom-go/loom v0.0.0-20260309223821-57d50fb2517d h1:cWonkm0OLyrG0s5ExGrBOQGmF2fIeX0nE92Hdy2Zew4=
github.com/loom-go/loom v0.0.0-20260309223821-57d50fb2517d/go.mod h1:WXOgDJjBcfb/86Nu9eJTCSv49ln9yxvvtX3xpHHhaEA=
github.com/loom-go/loom v0.0.0-20260310092344-1772cd9ad42c h1:OB/Wq4AMnbcfTN/P1GJM5F2H9tHS1J00SI3GNLQPqB8=
github.com/loom-go/loom v0.0.0-20260310092344-1772cd9ad42c/go.mod h1:WXOgDJjBcfb/86Nu9eJTCSv49ln9yxvvtX3xpHHhaEA=
github.com/loom-go/loom v0.1.0 h1:9ERwutSwj10/xoZJn3zNB5tTW1x5EWIwj5+vVN8fwXU=
github.com/loom-go/loom v0.1.0/go.mod h1:WXOgDJjBcfb/86Nu9eJTCSv49ln9yxvvtX3xpHHhaEA=
github.com/loom-go/loom v0.1.1-0.20260311112500-040cab6f8093 h1:PzPWdbe9vgiNDEq7ACQr6SXbFj8JEUx2n7dczZwS9tA=
github.com/loom-go/loom v0.1.1-0.20260311112500-040cab6f8093/go.mod h1:WXOgDJjBcfb/86Nu9eJTCSv49ln9yxvvtX3xpHHhaEA=
github.com/loom-go/term v0.0.0-20260310092337-4ab87183cc28 h1:NkvA4zFB6fhTrIyE+Ovi1BmoyDWxeQ2qJUtCIdws+NY=
github.com/loom-go/term v0.0.0-20260310092337-4ab87183cc28/go.mod h1:vcJgrEXpH5kOTwM9AVqqvbDYhb87Pc/yT8JGEVSoHp4=
github.com/loom-go/term v0.0.0-20260310113634-ae906389bf92 h1:TkIN4p71xZ/BB8XPzQvcelxPbKwQiDDGcOPyIQGG4n0=
github.com/loom-go/term v0.0.0-20260310113634-ae906389bf92/go.mod h1:54MVGU+4Gw4udNeVQ0dvqWn4NuIONc081EesfpmxMO0=
github.com/loom-go/term v0.0.0-20260311113339-06025fa33a93 h1:deY6+VfQHxQFRqzEry9ZJziNWQ70Qn0fY5kk5gEDfZk=
github.com/loom-go/term v0.0.0-20260311113339-06025fa33a93/go.mod h1:54MVGU+4Gw4udNeVQ0dvqWn4NuIONc081EesfpmxMO0=
github.com/loom-go/web v0.0.0-20260310091640-82bf67d7d56d h1:XXwhQG3y9ax2QvEnw63fyUu9+uHCXnBHhpHisL8AF+Y=
github.com/loom-go/web v0.0.0-20260310091640-82bf67d7d56d/go.mod h1:2TK8oeYbdP4zJhj++bALyvVlUZSBSOnYmzHgOLqihF0=
github.com/loom-go/web v0.1.0 h1:/x9VworwcLilVwQP3Cf9tqLBUgMe2Wb0d3YyCGH6OTw=
github.com/loom-go/web v0.1.0/go.mod h1:2TK8oeYbdP4zJhj++bALyvVlUZSBSOnYmzHgOLqihF0=
github.com/petermattis/goid v0.0.0-20251121121749-a11dd1a45f9a h1:VweslR2akb/ARhXfqSfRbj1vpWwYXf3eeAUyw/ndms0=
github.com/petermattis/goid v0.0.0-20251121121749-a11dd1a45f9a/go.mod h1:pxMtw7cyUw6B2bRH0ZBANSPg+AoSud1I1iyJHI69jH4=
github.com/petermattis/goid v0.0.0-20260226131333-17d1149c6ac6 h1:rh2lKw/P/EqHa724vYH2+VVQ1YnW4u6EOXl0PMAovZE=
github.com/petermattis/goid v0.0.0-20260226131333-17d1149c6ac6/go.mod h1:pxMtw7cyUw6B2bRH0ZBANSPg+AoSud1I1iyJHI69jH4=
golang.org/x/sys v0.40.0 h1:DBZZqJ2Rkml6QMQsZywtnjnnGvHza6BTfYFWY9kjEWQ=
golang.org/x/sys v0.40.0/go.mod h1:OgkHotnGiDImocRcuBABYBEXf8A9a87e/uXjp9XT3ks=
golang.org/x/sys v0.42.0 h1:omrd2nAlyT5ESRdCLYdm3+fMfNFE/+Rf4bDIQImRJeo=
golang.org/x/sys v0.42.0/go.mod h1:4GL1E5IUh+htKOUEOaiffhrAeqysfVGipDYzABqnCmw=
golang.org/x/term v0.38.0 h1:PQ5pkm/rLO6HnxFR7N2lJHOZX6Kez5Y1gDSJla6jo7Q=
golang.org/x/term v0.38.0/go.mod h1:bSEAKrOT1W+VSu9TSCMtoGEOUcKxOKgl3LE5QEF/xVg=
golang.org/x/term v0.40.0 h1:36e4zGLqU4yhjlmxEaagx2KuYbJq3EwY8K943ZsHcvg=
golang.org/x/term v0.40.0/go.mod h1:w2P8uVp06p2iyKKuvXIm7N/y0UCRt3UfJTfZ7oOpglM=
