github.com/AnatoleLucet/go-opentui v0.0.0-20260311124333-d904eb66f503 h1:6dpUhP49WcIjuQNbbVZa43nA57yFXbDdWlK8rd3m2ww=
github.com/AnatoleLucet/go-opentui v0.0.0-20260311124333-d904eb66f503/go.mod h1:JxO6qbrbNsTT3nPTPrnhhQEA1fKnEA8tNCaujsoHyPI=
github.com/AnatoleLucet/sig v0.0.0-20260308162001-17251018b48a h1:B/YZ1KcFTI7Z6t36euajviYqJSinUydX/qwgGBmoEyk=
github.com/AnatoleLucet/sig v0.0.0-20260308162001-17251018b48a/go.mod h1:R9eHfMPg6gNCgM185K2uPYM8xxQZE4HZq+jw3DoeHQU=
github.com/AnatoleLucet/tess v0.0.0-20260310111309-c8343f5a151d h1:thS9H0S7/Uo8dOOS/Cp4vdpciAaAJBWlmWnufbYgpeU=
github.com/AnatoleLucet/tess v0.0.0-20260310111309-c8343f5a151d/go.mod h1:HqZNGWSj4mPsukwZHs8RMyC2wpgOQ+ZAtr1B8IYxwUg=
github.com/imfing/hextra v0.12.1 h1:3t1n0bmJbDzSTVfht93UDcfF1BXMRjeFojA071ri2l8=
github.com/imfing/hextra v0.12.1/go.mod h1:vi+yhpq8YPp/aghvJlNKVnJKcPJ/VyAEcfC1BSV9ARo=
github.com/loom-go/loom v0.1.1-0.20260311112500-040cab6f8093 h1:PzPWdbe9vgiNDEq7ACQr6SXbFj8JEUx2n7dczZwS9tA=
github.com/loom-go/loom v0.1.1-0.20260311112500-040cab6f8093/go.mod h1:WXOgDJjBcfb/86Nu9eJTCSv49ln9yxvvtX3xpHHhaEA=
github.com/loom-go/loom v0.2.0 h1:/1iatXRc71MYTwwCkAYJvP9C/zS0Hz5Ng14j77+/Uts=
github.com/loom-go/loom v0.2.0/go.mod h1:WXOgDJjBcfb/86Nu9eJTCSv49ln9yxvvtX3xpHHhaEA=
github.com/loom-go/loom v0.2.1-0.20260316160550-6588ea86bb62 h1:euJQfBe2HAcLz6e0pzOukJoqkTSOGYxzU+G6OBQJV7Y=
github.com/loom-go/loom v0.2.1-0.20260316160550-6588ea86bb62/go.mod h1:WXOgDJjBcfb/86Nu9eJTCSv49ln9yxvvtX3xpHHhaEA=
github.com/loom-go/term v0.1.1 h1:qIKk425eVh1mIgtRN02pY5KhtZPvp9aDl7z0hb8ILSI=
github.com/loom-go/term v0.1.1/go.mod h1:TQcmNDOEQmRq93RJzXNadjDIl92/FgDRScvUSzqrjbU=
github.com/loom-go/term v0.1.2-0.20260316154502-8be076ac1f57 h1:pfXJYpE5ZMktmd2K1TbvJPnebw4ek9V2/Ew94YH/TaA=
github.com/loom-go/term v0.1.2-0.20260316154502-8be076ac1f57/go.mod h1:TQcmNDOEQmRq93RJzXNadjDIl92/FgDRScvUSzqrjbU=
github.com/loom-go/term v0.1.2-0.20260317092058-d86d62b04cd7 h1:fxY7oYTFdiHP84uqfMUDq3jIX7VyotWrzacIi/M0p8w=
github.com/loom-go/term v0.1.2-0.20260317092058-d86d62b04cd7/go.mod h1:TQcmNDOEQmRq93RJzXNadjDIl92/FgDRScvUSzqrjbU=
github.com/loom-go/web v0.2.0 h1:80hG708KFcusLCuBCX2H8co/1VtfrzfTIL3ke7Br5Lg=
github.com/loom-go/web v0.2.0/go.mod h1:2TK8oeYbdP4zJhj++bALyvVlUZSBSOnYmzHgOLqihF0=
github.com/loom-go/web v0.2.1-0.20260316154428-1fbb0e16ee1c h1:Jq3y/dA3489f3nsgQgVKaKcKE1htDi5bcubhKxvyXak=
github.com/loom-go/web v0.2.1-0.20260316154428-1fbb0e16ee1c/go.mod h1:2TK8oeYbdP4zJhj++bALyvVlUZSBSOnYmzHgOLqihF0=
github.com/loom-go/web v0.2.1-0.20260317092205-f73500ed2a0b h1:tiV4VfjEz/F2Ws0K7YfJ2sWKbLeUPKuluRC7fgoHNBU=
github.com/loom-go/web v0.2.1-0.20260317092205-f73500ed2a0b/go.mod h1:2TK8oeYbdP4zJhj++bALyvVlUZSBSOnYmzHgOLqihF0=
github.com/petermattis/goid v0.0.0-20251121121749-a11dd1a45f9a h1:VweslR2akb/ARhXfqSfRbj1vpWwYXf3eeAUyw/ndms0=
github.com/petermattis/goid v0.0.0-20251121121749-a11dd1a45f9a/go.mod h1:pxMtw7cyUw6B2bRH0ZBANSPg+AoSud1I1iyJHI69jH4=
github.com/petermattis/goid v0.0.0-20260226131333-17d1149c6ac6 h1:rh2lKw/P/EqHa724vYH2+VVQ1YnW4u6EOXl0PMAovZE=
github.com/petermattis/goid v0.0.0-20260226131333-17d1149c6ac6/go.mod h1:pxMtw7cyUw6B2bRH0ZBANSPg+AoSud1I1iyJHI69jH4=
golang.org/x/sys v0.40.0 h1:DBZZqJ2Rkml6QMQsZywtnjnnGvHza6BTfYFWY9kjEWQ=
golang.org/x/sys v0.40.0/go.mod h1:OgkHotnGiDImocRcuBABYBEXf8A9a87e/uXjp9XT3ks=
golang.org/x/sys v0.42.0 h1:omrd2nAlyT5ESRdCLYdm3+fMfNFE/+Rf4bDIQImRJeo=
golang.org/x/sys v0.42.0/go.mod h1:4GL1E5IUh+htKOUEOaiffhrAeqysfVGipDYzABqnCmw=
golang.org/x/term v0.38.0 h1:PQ5pkm/rLO6HnxFR7N2lJHOZX6Kez5Y1gDSJla6jo7Q=
golang.org/x/term v0.38.0/go.mod h1:bSEAKrOT1W+VSu9TSCMtoGEOUcKxOKgl3LE5QEF/xVg=
golang.org/x/term v0.41.0 h1:QCgPso/Q3RTJx2Th4bDLqML4W6iJiaXFq2/ftQF13YU=
golang.org/x/term v0.41.0/go.mod h1:3pfBgksrReYfZ5lvYM0kSO0LIkAl4Yl2bXOkKP7Ec2A=
